
Microsoft Visual Studio Solution File, Format Version 12.00
# Visual Studio Version 16
VisualStudioVersion = 16.0.30204.135
MinimumVisualStudioVersion = 10.0.40219.1
Project("{9A19103F-16F7-4668-BE54-9A1E7A4F7556}") = "Simple.Producer", "Simple.Producer.csproj", "{719CBCFC-D357-4394-AFE7-5AAAF3BB85C1}"
EndProject
Project("{9A19103F-16F7-4668-BE54-9A1E7A4F7556}") = "Common", "..\MyCommon\Common.csproj", "{BAA0B4F3-B837-4171-8BA5-EBEBECAA7B45}"
EndProject
Project("{9A19103F-16F7-4668-BE54-9A1E7A4F7556}") = "Simple.Consumer", "..\Consumer\Simple.Consumer.csproj", "{B493C698-44FA-4A2D-870C-044D55A43E0B}"
EndProject
Project("{9A19103F-16F7-4668-BE54-9A1E7A4F7556}") = "Work.Consumer", "..\Recv\Work.Consumer.csproj", "{4D360FE0-1CAD-4CEC-A0FC-9468C616A043}"
EndProject
Project("{9A19103F-16F7-4668-BE54-9A1E7A4F7556}") = "Work.Consumer2", "..\Simple.Consumer2\Work.Consumer2.csproj", "{09A2CBA1-A4FD-4986-9FD7-6E11F8571B97}"
EndProject
Project("{2150E333-8FDC-42A3-9474-1A3956D46DE8}") = "Simple", "Simple", "{003097ED-4515-45BE-B567-00A517E85FFA}"
EndProject
Project("{2150E333-8FDC-42A3-9474-1A3956D46DE8}") = "Helper", "Helper", "{6BEC5584-8386-4E9A-B9CF-B60DDBDD7162}"
EndProject
Project("{2150E333-8FDC-42A3-9474-1A3956D46DE8}") = "Work", "Work", "{5AF93EFA-61CF-4BFB-873B-9AC29D646FD0}"
EndProject
Project("{9A19103F-16F7-4668-BE54-9A1E7A4F7556}") = "Wrok.Producer", "..\Wrok.Producer\Wrok.Producer.csproj", "{240D6BCF-BE55-4F42-AA01-7216D2ABD5DA}"
EndProject
Project("{2150E333-8FDC-42A3-9474-1A3956D46DE8}") = "Subscribe", "Subscribe", "{4F655CBB-283D-4DAA-9BB6-140F3DF88777}"
EndProject
Project("{FAE04EC0-301F-11D3-BF4B-00C04F79EFBC}") = "Sub.Producer", "..\Sub.Producer\Sub.Producer.csproj", "{FE0D5D29-1160-44B6-88BF-E225CBAC40AB}"
EndProject
Project("{FAE04EC0-301F-11D3-BF4B-00C04F79EFBC}") = "Sub.Consumer", "..\Sub.Consumer\Sub.Consumer.csproj", "{0A65A2F8-EA09-4553-B342-A9018141FC18}"
EndProject
Project("{FAE04EC0-301F-11D3-BF4B-00C04F79EFBC}") = "Sub.Consumer2", "..\Sub.Consumer2\Sub.Consumer2.csproj", "{98A80EAE-62F8-402C-AE60-68256E09434B}"
EndProject
Project("{2150E333-8FDC-42A3-9474-1A3956D46DE8}") = "Route", "Route", "{BDB3B138-A913-456B-B582-8A24C7997BD4}"
EndProject
Project("{FAE04EC0-301F-11D3-BF4B-00C04F79EFBC}") = "Route.Producer", "..\Route.Producer\Route.Producer.csproj", "{6B463F87-C762-41C5-A086-99BD7B1D2886}"
EndProject
Project("{FAE04EC0-301F-11D3-BF4B-00C04F79EFBC}") = "Route.Consumer", "..\Route.Consumer\Route.Consumer.csproj", "{31035EC1-4EA6-4ED3-A0BC-31F2D751C9A5}"
EndProject
Project("{FAE04EC0-301F-11D3-BF4B-00C04F79EFBC}") = "Route.Consumer2", "..\Route.Consumer2\Route.Consumer2.csproj", "{4B913BDA-F6AE-48A6-8DE8-8D02DE7E76DC}"
EndProject
Project("{2150E333-8FDC-42A3-9474-1A3956D46DE8}") = "Topic", "Topic", "{BBE0D205-AE0E-428C-8E02-B76DB1D193E8}"
EndProject
Project("{FAE04EC0-301F-11D3-BF4B-00C04F79EFBC}") = "Topic.Producer", "..\Topic.Producer\Topic.Producer.csproj", "{5DDCC226-4157-4DD7-9B8B-3225DBDE8199}"
EndProject
Project("{FAE04EC0-301F-11D3-BF4B-00C04F79EFBC}") = "Topic.Consumer2", "..\Topic.Consumer2\Topic.Consumer2.csproj", "{82BF9186-6F69-4D63-9529-2F4ACBE2728D}"
EndProject
Project("{9A19103F-16F7-4668-BE54-9A1E7A4F7556}") = "Topic.Consumer", "..\Topic.Consumer\Topic.Consumer.csproj", "{50F415C7-9A77-4C2A-A488-E5A3073594C6}"
EndProject
Global
	GlobalSection(SolutionConfigurationPlatforms) = preSolution
		Debug|Any CPU = Debug|Any CPU
		Release|Any CPU = Release|Any CPU
	EndGlobalSection
	GlobalSection(ProjectConfigurationPlatforms) = postSolution
		{719CBCFC-D357-4394-AFE7-5AAAF3BB85C1}.Debug|Any CPU.ActiveCfg = Debug|Any CPU
		{719CBCFC-D357-4394-AFE7-5AAAF3BB85C1}.Debug|Any CPU.Build.0 = Debug|Any CPU
		{719CBCFC-D357-4394-AFE7-5AAAF3BB85C1}.Release|Any CPU.ActiveCfg = Release|Any CPU
		{719CBCFC-D357-4394-AFE7-5AAAF3BB85C1}.Release|Any CPU.Build.0 = Release|Any CPU
		{BAA0B4F3-B837-4171-8BA5-EBEBECAA7B45}.Debug|Any CPU.ActiveCfg = Debug|Any CPU
		{BAA0B4F3-B837-4171-8BA5-EBEBECAA7B45}.Debug|Any CPU.Build.0 = Debug|Any CPU
		{BAA0B4F3-B837-4171-8BA5-EBEBECAA7B45}.Release|Any CPU.ActiveCfg = Release|Any CPU
		{BAA0B4F3-B837-4171-8BA5-EBEBECAA7B45}.Release|Any CPU.Build.0 = Release|Any CPU
		{B493C698-44FA-4A2D-870C-044D55A43E0B}.Debug|Any CPU.ActiveCfg = Debug|Any CPU
		{B493C698-44FA-4A2D-870C-044D55A43E0B}.Debug|Any CPU.Build.0 = Debug|Any CPU
		{B493C698-44FA-4A2D-870C-044D55A43E0B}.Release|Any CPU.ActiveCfg = Release|Any CPU
		{B493C698-44FA-4A2D-870C-044D55A43E0B}.Release|Any CPU.Build.0 = Release|Any CPU
		{4D360FE0-1CAD-4CEC-A0FC-9468C616A043}.Debug|Any CPU.ActiveCfg = Debug|Any CPU
		{4D360FE0-1CAD-4CEC-A0FC-9468C616A043}.Debug|Any CPU.Build.0 = Debug|Any CPU
		{4D360FE0-1CAD-4CEC-A0FC-9468C616A043}.Release|Any CPU.ActiveCfg = Release|Any CPU
		{4D360FE0-1CAD-4CEC-A0FC-9468C616A043}.Release|Any CPU.Build.0 = Release|Any CPU
		{09A2CBA1-A4FD-4986-9FD7-6E11F8571B97}.Debug|Any CPU.ActiveCfg = Debug|Any CPU
		{09A2CBA1-A4FD-4986-9FD7-6E11F8571B97}.Debug|Any CPU.Build.0 = Debug|Any CPU
		{09A2CBA1-A4FD-4986-9FD7-6E11F8571B97}.Release|Any CPU.ActiveCfg = Release|Any CPU
		{09A2CBA1-A4FD-4986-9FD7-6E11F8571B97}.Release|Any CPU.Build.0 = Release|Any CPU
		{240D6BCF-BE55-4F42-AA01-7216D2ABD5DA}.Debug|Any CPU.ActiveCfg = Debug|Any CPU
		{240D6BCF-BE55-4F42-AA01-7216D2ABD5DA}.Debug|Any CPU.Build.0 = Debug|Any CPU
		{240D6BCF-BE55-4F42-AA01-7216D2ABD5DA}.Release|Any CPU.ActiveCfg = Release|Any CPU
		{240D6BCF-BE55-4F42-AA01-7216D2ABD5DA}.Release|Any CPU.Build.0 = Release|Any CPU
		{FE0D5D29-1160-44B6-88BF-E225CBAC40AB}.Debug|Any CPU.ActiveCfg = Debug|Any CPU
		{FE0D5D29-1160-44B6-88BF-E225CBAC40AB}.Debug|Any CPU.Build.0 = Debug|Any CPU
		{FE0D5D29-1160-44B6-88BF-E225CBAC40AB}.Release|Any CPU.ActiveCfg = Release|Any CPU
		{FE0D5D29-1160-44B6-88BF-E225CBAC40AB}.Release|Any CPU.Build.0 = Release|Any CPU
		{0A65A2F8-EA09-4553-B342-A9018141FC18}.Debug|Any CPU.ActiveCfg = Debug|Any CPU
		{0A65A2F8-EA09-4553-B342-A9018141FC18}.Debug|Any CPU.Build.0 = Debug|Any CPU
		{0A65A2F8-EA09-4553-B342-A9018141FC18}.Release|Any CPU.ActiveCfg = Release|Any CPU
		{0A65A2F8-EA09-4553-B342-A9018141FC18}.Release|Any CPU.Build.0 = Release|Any CPU
		{98A80EAE-62F8-402C-AE60-68256E09434B}.Debug|Any CPU.ActiveCfg = Debug|Any CPU
		{98A80EAE-62F8-402C-AE60-68256E09434B}.Debug|Any CPU.Build.0 = Debug|Any CPU
		{98A80EAE-62F8-402C-AE60-68256E09434B}.Release|Any CPU.ActiveCfg = Release|Any CPU
		{98A80EAE-62F8-402C-AE60-68256E09434B}.Release|Any CPU.Build.0 = Release|Any CPU
		{6B463F87-C762-41C5-A086-99BD7B1D2886}.Debug|Any CPU.ActiveCfg = Debug|Any CPU
		{6B463F87-C762-41C5-A086-99BD7B1D2886}.Debug|Any CPU.Build.0 = Debug|Any CPU
		{6B463F87-C762-41C5-A086-99BD7B1D2886}.Release|Any CPU.ActiveCfg = Release|Any CPU
		{6B463F87-C762-41C5-A086-99BD7B1D2886}.Release|Any CPU.Build.0 = Release|Any CPU
		{31035EC1-4EA6-4ED3-A0BC-31F2D751C9A5}.Debug|Any CPU.ActiveCfg = Debug|Any CPU
		{31035EC1-4EA6-4ED3-A0BC-31F2D751C9A5}.Debug|Any CPU.Build.0 = Debug|Any CPU
		{31035EC1-4EA6-4ED3-A0BC-31F2D751C9A5}.Release|Any CPU.ActiveCfg = Release|Any CPU
		{31035EC1-4EA6-4ED3-A0BC-31F2D751C9A5}.Release|Any CPU.Build.0 = Release|Any CPU
		{4B913BDA-F6AE-48A6-8DE8-8D02DE7E76DC}.Debug|Any CPU.ActiveCfg = Debug|Any CPU
		{4B913BDA-F6AE-48A6-8DE8-8D02DE7E76DC}.Debug|Any CPU.Build.0 = Debug|Any CPU
		{4B913BDA-F6AE-48A6-8DE8-8D02DE7E76DC}.Release|Any CPU.ActiveCfg = Release|Any CPU
		{4B913BDA-F6AE-48A6-8DE8-8D02DE7E76DC}.Release|Any CPU.Build.0 = Release|Any CPU
		{5DDCC226-4157-4DD7-9B8B-3225DBDE8199}.Debug|Any CPU.ActiveCfg = Debug|Any CPU
		{5DDCC226-4157-4DD7-9B8B-3225DBDE8199}.Debug|Any CPU.Build.0 = Debug|Any CPU
		{5DDCC226-4157-4DD7-9B8B-3225DBDE8199}.Release|Any CPU.ActiveCfg = Release|Any CPU
		{5DDCC226-4157-4DD7-9B8B-3225DBDE8199}.Release|Any CPU.Build.0 = Release|Any CPU
		{82BF9186-6F69-4D63-9529-2F4ACBE2728D}.Debug|Any CPU.ActiveCfg = Debug|Any CPU
		{82BF9186-6F69-4D63-9529-2F4ACBE2728D}.Debug|Any CPU.Build.0 = Debug|Any CPU
		{82BF9186-6F69-4D63-9529-2F4ACBE2728D}.Release|Any CPU.ActiveCfg = Release|Any CPU
		{82BF9186-6F69-4D63-9529-2F4ACBE2728D}.Release|Any CPU.Build.0 = Release|Any CPU
		{50F415C7-9A77-4C2A-A488-E5A3073594C6}.Debug|Any CPU.ActiveCfg = Debug|Any CPU
		{50F415C7-9A77-4C2A-A488-E5A3073594C6}.Debug|Any CPU.Build.0 = Debug|Any CPU
		{50F415C7-9A77-4C2A-A488-E5A3073594C6}.Release|Any CPU.ActiveCfg = Release|Any CPU
		{50F415C7-9A77-4C2A-A488-E5A3073594C6}.Release|Any CPU.Build.0 = Release|Any CPU
	EndGlobalSection
	GlobalSection(SolutionProperties) = preSolution
		HideSolutionNode = FALSE
	EndGlobalSection
	GlobalSection(NestedProjects) = preSolution
		{719CBCFC-D357-4394-AFE7-5AAAF3BB85C1} = {003097ED-4515-45BE-B567-00A517E85FFA}
		{BAA0B4F3-B837-4171-8BA5-EBEBECAA7B45} = {6BEC5584-8386-4E9A-B9CF-B60DDBDD7162}
		{B493C698-44FA-4A2D-870C-044D55A43E0B} = {003097ED-4515-45BE-B567-00A517E85FFA}
		{4D360FE0-1CAD-4CEC-A0FC-9468C616A043} = {5AF93EFA-61CF-4BFB-873B-9AC29D646FD0}
		{09A2CBA1-A4FD-4986-9FD7-6E11F8571B97} = {5AF93EFA-61CF-4BFB-873B-9AC29D646FD0}
		{240D6BCF-BE55-4F42-AA01-7216D2ABD5DA} = {5AF93EFA-61CF-4BFB-873B-9AC29D646FD0}
		{FE0D5D29-1160-44B6-88BF-E225CBAC40AB} = {4F655CBB-283D-4DAA-9BB6-140F3DF88777}
		{0A65A2F8-EA09-4553-B342-A9018141FC18} = {4F655CBB-283D-4DAA-9BB6-140F3DF88777}
		{98A80EAE-62F8-402C-AE60-68256E09434B} = {4F655CBB-283D-4DAA-9BB6-140F3DF88777}
		{6B463F87-C762-41C5-A086-99BD7B1D2886} = {BDB3B138-A913-456B-B582-8A24C7997BD4}
		{31035EC1-4EA6-4ED3-A0BC-31F2D751C9A5} = {BDB3B138-A913-456B-B582-8A24C7997BD4}
		{4B913BDA-F6AE-48A6-8DE8-8D02DE7E76DC} = {BDB3B138-A913-456B-B582-8A24C7997BD4}
		{5DDCC226-4157-4DD7-9B8B-3225DBDE8199} = {BBE0D205-AE0E-428C-8E02-B76DB1D193E8}
		{82BF9186-6F69-4D63-9529-2F4ACBE2728D} = {BBE0D205-AE0E-428C-8E02-B76DB1D193E8}
		{50F415C7-9A77-4C2A-A488-E5A3073594C6} = {BBE0D205-AE0E-428C-8E02-B76DB1D193E8}
	EndGlobalSection
	GlobalSection(ExtensibilityGlobals) = postSolution
		SolutionGuid = {382117D4-BB5F-4EDD-A346-B2D0DB8A0758}
	EndGlobalSection
EndGlobal
